// !$*UTF8*$!
{
	archiveVersion = 1;
	classes = {
	};
	objectVersion = 50;
	objects = {

/* Begin PBXBuildFile section */
		EC65B0B126C1251C00E35687 /* AppDelegate.swift in Sources */ = {isa = PBXBuildFile; fileRef = EC65B0B026C1251C00E35687 /* AppDelegate.swift */; };
		EC65B0B326C1251C00E35687 /* SceneDelegate.swift in Sources */ = {isa = PBXBuildFile; fileRef = EC65B0B226C1251C00E35687 /* SceneDelegate.swift */; };
		EC65B0B526C1251C00E35687 /* ViewController.swift in Sources */ = {isa = PBXBuildFile; fileRef = EC65B0B426C1251C00E35687 /* ViewController.swift */; };
		EC65B0B826C1251C00E35687 /* Main.storyboard in Resources */ = {isa = PBXBuildFile; fileRef = EC65B0B626C1251C00E35687 /* Main.storyboard */; };
		EC65B0BB26C1251C00E35687 /* PracticeCollectionView.xcdatamodeld in Sources */ = {isa = PBXBuildFile; fileRef = EC65B0B926C1251C00E35687 /* PracticeCollectionView.xcdatamodeld */; };
		EC65B0BD26C1252200E35687 /* Assets.xcassets in Resources */ = {isa = PBXBuildFile; fileRef = EC65B0BC26C1252200E35687 /* Assets.xcassets */; };
		EC65B0C026C1252200E35687 /* LaunchScreen.storyboard in Resources */ = {isa = PBXBuildFile; fileRef = EC65B0BE26C1252200E35687 /* LaunchScreen.storyboard */; };
		EC65B0C926C12DE900E35687 /* SectionCollectionViewCell.swift in Sources */ = {isa = PBXBuildFile; fileRef = EC65B0C726C12DE900E35687 /* SectionCollectionViewCell.swift */; };
		EC65B0CA26C12DE900E35687 /* SectionCollectionViewCell.xib in Resources */ = {isa = PBXBuildFile; fileRef = EC65B0C826C12DE900E35687 /* SectionCollectionViewCell.xib */; };
		EC65B0CD26C12E7D00E35687 /* ItemCollectionViewCell.swift in Sources */ = {isa = PBXBuildFile; fileRef = EC65B0CB26C12E7D00E35687 /* ItemCollectionViewCell.swift */; };
		EC65B0CE26C12E7D00E35687 /* ItemCollectionViewCell.xib in Resources */ = {isa = PBXBuildFile; fileRef = EC65B0CC26C12E7D00E35687 /* ItemCollectionViewCell.xib */; };
/* End PBXBuildFile section */

/* Begin PBXFileReference section */
		EC65B0AD26C1251C00E35687 /* PracticeCollectionView.app */ = {isa = PBXFileReference; explicitFileType = wrapper.application; includeInIndex = 0; path = PracticeCollectionView.app; sourceTree = BUILT_PRODUCTS_DIR; };
		EC65B0B026C1251C00E35687 /* AppDelegate.swift */ = {isa = PBXFileReference; lastKnownFileType = sourcecode.swift; path = AppDelegate.swift; sourceTree = "<group>"; };
		EC65B0B226C1251C00E35687 /* SceneDelegate.swift */ = {isa = PBXFileReference; lastKnownFileType = sourcecode.swift; path = SceneDelegate.swift; sourceTree = "<group>"; };
		EC65B0B426C1251C00E35687 /* ViewController.swift */ = {isa = PBXFileReference; lastKnownFileType = sourcecode.swift; path = ViewController.swift; sourceTree = "<group>"; };
		EC65B0B726C1251C00E35687 /* Base */ = {isa = PBXFileReference; lastKnownFileType = file.storyboard; name = Base; path = Base.lproj/Main.storyboard; sourceTree = "<group>"; };
		EC65B0BA26C1251C00E35687 /* PracticeCollectionView.xcdatamodel */ = {isa = PBXFileReference; lastKnownFileType = wrapper.xcdatamodel; path = PracticeCollectionView.xcdatamodel; sourceTree = "<group>"; };
		EC65B0BC26C1252200E35687 /* Assets.xcassets */ = {isa = PBXFileReference; lastKnownFileType = folder.assetcatalog; path = Assets.xcassets; sourceTree = "<group>"; };
		EC65B0BF26C1252200E35687 /* Base */ = {isa = PBXFileReference; lastKnownFileType = file.storyboard; name = Base; path = Base.lproj/LaunchScreen.storyboard; sourceTree = "<group>"; };
		EC65B0C126C1252200E35687 /* Info.plist */ = {isa = PBXFileReference; lastKnownFileType = text.plist.xml; path = Info.plist; sourceTree = "<group>"; };
		EC65B0C726C12DE900E35687 /* SectionCollectionViewCell.swift */ = {isa = PBXFileReference; lastKnownFileType = sourcecode.swift; path = SectionCollectionViewCell.swift; sourceTree = "<group>"; };
		EC65B0C826C12DE900E35687 /* SectionCollectionViewCell.xib */ = {isa = PBXFileReference; lastKnownFileType = file.xib; path = SectionCollectionViewCell.xib; sourceTree = "<group>"; };
		EC65B0CB26C12E7D00E35687 /* ItemCollectionViewCell.swift */ = {isa = PBXFileReference; lastKnownFileType = sourcecode.swift; path = ItemCollectionViewCell.swift; sourceTree = "<group>"; };
		EC65B0CC26C12E7D00E35687 /* ItemCollectionViewCell.xib */ = {isa = PBXFileReference; lastKnownFileType = file.xib; path = ItemCollectionViewCell.xib; sourceTree = "<group>"; };
/* End PBXFileReference section */

/* Begin PBXFrameworksBuildPhase section */
		EC65B0AA26C1251C00E35687 /* Frameworks */ = {
			isa = PBXFrameworksBuildPhase;
			buildActionMask = 2147483647;
			files = (
			);
			runOnlyForDeploymentPostprocessing = 0;
		};
/* End PBXFrameworksBuildPhase section */

/* Begin PBXGroup section */
		EC65B0A426C1251C00E35687 = {
			isa = PBXGroup;
			children = (
				EC65B0AF26C1251C00E35687 /* PracticeCollectionView */,
				EC65B0AE26C1251C00E35687 /* Products */,
			);
			sourceTree = "<group>";
		};
		EC65B0AE26C1251C00E35687 /* Products */ = {
			isa = PBXGroup;
			children = (
				EC65B0AD26C1251C00E35687 /* PracticeCollectionView.app */,
			);
			name = Products;
			sourceTree = "<group>";
		};
		EC65B0AF26C1251C00E35687 /* PracticeCollectionView */ = {
			isa = PBXGroup;
			children = (
				EC65B0B026C1251C00E35687 /* AppDelegate.swift */,
				EC65B0B226C1251C00E35687 /* SceneDelegate.swift */,
				EC65B0B426C1251C00E35687 /* ViewController.swift */,
				EC65B0B626C1251C00E35687 /* Main.storyboard */,
				EC65B0BC26C1252200E35687 /* Assets.xcassets */,
				EC65B0BE26C1252200E35687 /* LaunchScreen.storyboard */,
				EC65B0C126C1252200E35687 /* Info.plist */,
				EC65B0B926C1251C00E35687 /* PracticeCollectionView.xcdatamodeld */,
				EC65B0C726C12DE900E35687 /* SectionCollectionViewCell.swift */,
				EC65B0C826C12DE900E35687 /* SectionCollectionViewCell.xib */,
				EC65B0CB26C12E7D00E35687 /* ItemCollectionViewCell.swift */,
				EC65B0CC26C12E7D00E35687 /* ItemCollectionViewCell.xib */,
			);
			path = PracticeCollectionView;
			sourceTree = "<group>";
		};
/* End PBXGroup section */

/* Begin PBXNativeTarget section */
		EC65B0AC26C1251C00E35687 /* PracticeCollectionView */ = {
			isa = PBXNativeTarget;
			buildConfigurationList = EC65B0C426C1252200E35687 /* Build configuration list for PBXNativeTarget "PracticeCollectionView" */;
			buildPhases = (
				EC65B0A926C1251C00E35687 /* Sources */,
				EC65B0AA26C1251C00E35687 /* Frameworks */,
				EC65B0AB26C1251C00E35687 /* Resources */,
			);
			buildRules = (
			);
			dependencies = (
			);
			name = PracticeCollectionView;
			productName = PracticeCollectionView;
			productReference = EC65B0AD26C1251C00E35687 /* PracticeCollectionView.app */;
			productType = "com.apple.product-type.application";
		};
/* End PBXNativeTarget section */

/* Begin PBXProject section */
		EC65B0A526C1251C00E35687 /* Project object */ = {
			isa = PBXProject;
			attributes = {
				LastSwiftUpdateCheck = 1170;
				LastUpgradeCheck = 1170;
				ORGANIZATIONNAME = "Herlian Zhang";
				TargetAttributes = {
					EC65B0AC26C1251C00E35687 = {
						CreatedOnToolsVersion = 11.7;
					};
				};
			};
			buildConfigurationList = EC65B0A826C1251C00E35687 /* Build configuration list for PBXProject "PracticeCollectionView" */;
			compatibilityVersion = "Xcode 9.3";
			developmentRegion = en;
			hasScannedForEncodings = 0;
			knownRegions = (
				en,
				Base,
			);
			mainGroup = EC65B0A426C1251C00E35687;
			productRefGroup = EC65B0AE26C1251C00E35687 /* Products */;
			projectDirPath = "";
			projectRoot = "";
			targets = (
				EC65B0AC26C1251C00E35687 /* PracticeCollectionView */,
			);
		};
/* End PBXProject section */

/* Begin PBXResourcesBuildPhase section */
		EC65B0AB26C1251C00E35687 /* Resources */ = {
			isa = PBXResourcesBuildPhase;
			buildActionMask = 2147483647;
			files = (
				EC65B0C026C1252200E35687 /* LaunchScreen.storyboard in Resources */,
				EC65B0BD26C1252200E35687 /* Assets.xcassets in Resources */,
				EC65B0CE26C12E7D00E35687 /* ItemCollectionViewCell.xib in Resources */,
				EC65B0CA26C12DE900E35687 /* SectionCollectionViewCell.xib in Resources */,
				EC65B0B826C1251C00E35687 /* Main.storyboard in Resources */,
			);
			runOnlyForDeploymentPostprocessing = 0;
		};
/* End PBXResourcesBuildPhase section */

/* Begin PBXSourcesBuildPhase section */
		EC65B0A926C1251C00E35687 /* Sources */ = {
			isa = PBXSourcesBuildPhase;
			buildActionMask = 2147483647;
			files = (
				EC65B0B526C1251C00E35687 /* ViewController.swift in Sources */,
				EC65B0C926C12DE900E35687 /* SectionCollectionViewCell.swift in Sources */,
				EC65B0BB26C1251C00E35687 /* PracticeCollectionView.xcdatamodeld in Sources */,
				EC65B0CD26C12E7D00E35687 /* ItemCollectionViewCell.swift in Sources */,
				EC65B0B126C1251C00E35687 /* AppDelegate.swift in Sources */,
				EC65B0B326C1251C00E35687 /* SceneDelegate.swift in Sources */,
			);
			runOnlyForDeploymentPostprocessing = 0;
		};
/* End PBXSourcesBuildPhase section */

/* Begin PBXVariantGroup section */
		EC65B0B626C1251C00E35687 /* Main.storyboard */ = {
			isa = PBXVariantGroup;
			children = (
				EC65B0B726C1251C00E35687 /* Base */,
			);
			name = Main.storyboard;
			sourceTree = "<group>";
		};
		EC65B0BE26C1252200E35687 /* LaunchScreen.storyboard */ = {
			isa = PBXVariantGroup;
			children = (
				EC65B0BF26C1252200E35687 /* Base */,
			);
			name = LaunchScreen.storyboard;
			sourceTree = "<group>";
		};
/* End PBXVariantGroup section */

/* Begin XCBuildConfiguration section */
		EC65B0C226C1252200E35687 /* Debug */ = {
			isa = XCBuildConfiguration;
			buildSettings = {
				ALWAYS_SEARCH_USER_PATHS = NO;
				CLANG_ANALYZER_NONNULL = YES;
				CLANG_ANALYZER_NUMBER_OBJECT_CONVERSION = YES_AGGRESSIVE;
				CLANG_CXX_LANGUAGE_STANDARD = "gnu++14";
				CLANG_CXX_LIBRARY = "libc++";
				CLANG_ENABLE_MODULES = YES;
				CLANG_ENABLE_OBJC_ARC = YES;
				CLANG_ENABLE_OBJC_WEAK = YES;
				CLANG_WARN_BLOCK_CAPTURE_AUTORELEASING = YES;
				CLANG_WARN_BOOL_CONVERSION = YES;
				CLANG_WARN_COMMA = YES;
				CLANG_WARN_CONSTANT_CONVERSION = YES;
				CLANG_WARN_DEPRECATED_OBJC_IMPLEMENTATIONS = YES;
				CLANG_WARN_DIRECT_OBJC_ISA_USAGE = YES_ERROR;
				CLANG_WARN_DOCUMENTATION_COMMENTS = YES;
				CLANG_WARN_EMPTY_BODY = YES;
				CLANG_WARN_ENUM_CONVERSION = YES;
				CLANG_WARN_INFINITE_RECURSION = YES;
				CLANG_WARN_INT_CONVERSION = YES;
				CLANG_WARN_NON_LITERAL_NULL_CONVERSION = YES;
				CLANG_WARN_OBJC_IMPLICIT_RETAIN_SELF = YES;
				CLANG_WARN_OBJC_LITERAL_CONVERSION = YES;
				CLANG_WARN_OBJC_ROOT_CLASS = YES_ERROR;
				CLANG_WARN_RANGE_LOOP_ANALYSIS = YES;
				CLANG_WARN_STRICT_PROTOTYPES = YES;
				CLANG_WARN_SUSPICIOUS_MOVE = YES;
				CLANG_WARN_UNGUARDED_AVAILABILITY = YES_AGGRESSIVE;
				CLANG_WARN_UNREACHABLE_CODE = YES;
				CLANG_WARN__DUPLICATE_METHOD_MATCH = YES;
				COPY_PHASE_STRIP = NO;
				DEBUG_INFORMATION_FORMAT = dwarf;
				ENABLE_STRICT_OBJC_MSGSEND = YES;
				ENABLE_TESTABILITY = YES;
				GCC_C_LANGUAGE_STANDARD = gnu11;
				GCC_DYNAMIC_NO_PIC = NO;
				GCC_NO_COMMON_BLOCKS = YES;
				GCC_OPTIMIZATION_LEVEL = 0;
				GCC_PREPROCESSOR_DEFINITIONS = (
					"DEBUG=1",
					"$(inherited)",
				);
				GCC_WARN_64_TO_32_BIT_CONVERSION = YES;
				GCC_WARN_ABOUT_RETURN_TYPE = YES_ERROR;
				GCC_WARN_UNDECLARED_SELECTOR = YES;
				GCC_WARN_UNINITIALIZED_AUTOS = YES_AGGRESSIVE;
				GCC_WARN_UNUSED_FUNCTION = YES;
				GCC_WARN_UNUSED_VARIABLE = YES;
				IPHONEOS_DEPLOYMENT_TARGET = 13.7;
				MTL_ENABLE_DEBUG_INFO = INCLUDE_SOURCE;
				MTL_FAST_MATH = YES;
				ONLY_ACTIVE_ARCH = YES;
				SDKROOT = iphoneos;
				SWIFT_ACTIVE_COMPILATION_CONDITIONS = DEBUG;
				SWIFT_OPTIMIZATION_LEVEL = "-Onone";
			};
			name = Debug;
		};
		EC65B0C326C1252200E35687 /* Release */ = {
			isa = XCBuildConfiguration;
			buildSettings = {
				ALWAYS_SEARCH_USER_PATHS = NO;
				CLANG_ANALYZER_NONNULL = YES;
				CLANG_ANALYZER_NUMBER_OBJECT_CONVERSION = YES_AGGRESSIVE;
				CLANG_CXX_LANGUAGE_STANDARD = "gnu++14";
				CLANG_CXX_LIBRARY = "libc++";
				CLANG_ENABLE_MODULES = YES;
				CLANG_ENABLE_OBJC_ARC = YES;
				CLANG_ENABLE_OBJC_WEAK = YES;
				CLANG_WARN_BLOCK_CAPTURE_AUTORELEASING = YES;
				CLANG_WARN_BOOL_CONVERSION = YES;
				CLANG_WARN_COMMA = YES;
				CLANG_WARN_CONSTANT_CONVERSION = YES;
				CLANG_WARN_DEPRECATED_OBJC_IMPLEMENTATIONS = YES;
				CLANG_WARN_DIRECT_OBJC_ISA_USAGE = YES_ERROR;
				CLANG_WARN_DOCUMENTATION_COMMENTS = YES;
				CLANG_WARN_EMPTY_BODY = YES;
				CLANG_WARN_ENUM_CONVERSION = YES;
				CLANG_WARN_INFINITE_RECURSION = YES;
				CLANG_WARN_INT_CONVERSION = YES;
				CLANG_WARN_NON_LITERAL_NULL_CONVERSION = YES;
				CLANG_WARN_OBJC_IMPLICIT_RETAIN_SELF = YES;
				CLANG_WARN_OBJC_LITERAL_CONVERSION = YES;
				CLANG_WARN_OBJC_ROOT_CLASS = YES_ERROR;
				CLANG_WARN_RANGE_LOOP_ANALYSIS = YES;
				CLANG_WARN_STRICT_PROTOTYPES = YES;
				CLANG_WARN_SUSPICIOUS_MOVE = YES;
				CLANG_WARN_UNGUARDED_AVAILABILITY = YES_AGGRESSIVE;
				CLANG_WARN_UNREACHABLE_CODE = YES;
				CLANG_WARN__DUPLICATE_METHOD_MATCH = YES;
				COPY_PHASE_STRIP = NO;
				DEBUG_INFORMATION_FORMAT = "dwarf-with-dsym";
				ENABLE_NS_ASSERTIONS = NO;
				ENABLE_STRICT_OBJC_MSGSEND = YES;
				GCC_C_LANGUAGE_STANDARD = gnu11;
				GCC_NO_COMMON_BLOCKS = YES;
				GCC_WARN_64_TO_32_BIT_CONVERSION = YES;
				GCC_WARN_ABOUT_RETURN_TYPE = YES_ERROR;
				GCC_WARN_UNDECLARED_SELECTOR = YES;
				GCC_WARN_UNINITIALIZED_AUTOS = YES_AGGRESSIVE;
				GCC_WARN_UNUSED_FUNCTION = YES;
				GCC_WARN_UNUSED_VARIABLE = YES;
				IPHONEOS_DEPLOYMENT_TARGET = 13.7;
				MTL_ENABLE_DEBUG_INFO = NO;
				MTL_FAST_MATH = YES;
				SDKROOT = iphoneos;
				SWIFT_COMPILATION_MODE = wholemodule;
				SWIFT_OPTIMIZATION_LEVEL = "-O";
				VALIDATE_PRODUCT = YES;
			};
			name = Release;
		};
		EC65B0C526C1252200E35687 /* Debug */ = {
			isa = XCBuildConfiguration;
			buildSettings = {
				ASSETCATALOG_COMPILER_APPICON_NAME = AppIcon;
				CODE_SIGN_STYLE = Automatic;
				DEVELOPMENT_TEAM = YTF7PKCABJ;
				INFOPLIST_FILE = PracticeCollectionView/Info.plist;
				LD_RUNPATH_SEARCH_PATHS = (
					"$(inherited)",
					"@executable_path/Frameworks",
				);
				PRODUCT_BUNDLE_IDENTIFIER = com.herlianzhang.Tester.PracticeCollectionView;
				PRODUCT_NAME = "$(TARGET_NAME)";
				SWIFT_VERSION = 5.0;
				TARGETED_DEVICE_FAMILY = "1,2";
			};
			name = Debug;
		};
		EC65B0C626C1252200E35687 /* Release */ = {
			isa = XCBuildConfiguration;
			buildSettings = {
				ASSETCATALOG_COMPILER_APPICON_NAME = AppIcon;
				CODE_SIGN_STYLE = Automatic;
				DEVELOPMENT_TEAM = YTF7PKCABJ;
				INFOPLIST_FILE = PracticeCollectionView/Info.plist;
				LD_RUNPATH_SEARCH_PATHS = (
					"$(inherited)",
					"@executable_path/Frameworks",
				);
				PRODUCT_BUNDLE_IDENTIFIER = com.herlianzhang.Tester.PracticeCollectionView;
				PRODUCT_NAME = "$(TARGET_NAME)";
				SWIFT_VERSION = 5.0;
				TARGETED_DEVICE_FAMILY = "1,2";
			};
			name = Release;
		};
/* End XCBuildConfiguration section */

/* Begin XCConfigurationList section */
		EC65B0A826C1251C00E35687 /* Build configuration list for PBXProject "PracticeCollectionView" */ = {
			isa = XCConfigurationList;
			buildConfigurations = (
				EC65B0C226C1252200E35687 /* Debug */,
				EC65B0C326C1252200E35687 /* Release */,
			);
			defaultConfigurationIsVisible = 0;
			defaultConfigurationName = Release;
		};
		EC65B0C426C1252200E35687 /* Build configuration list for PBXNativeTarget "PracticeCollectionView" */ = {
			isa = XCConfigurationList;
			buildConfigurations = (
				EC65B0C526C1252200E35687 /* Debug */,
				EC65B0C626C1252200E35687 /* Release */,
			);
			defaultConfigurationIsVisible = 0;
			defaultConfigurationName = Release;
		};
/* End XCConfigurationList section */

/* Begin XCVersionGroup section */
		EC65B0B926C1251C00E35687 /* PracticeCollectionView.xcdatamodeld */ = {
			isa = XCVersionGroup;
			children = (
				EC65B0BA26C1251C00E35687 /* PracticeCollectionView.xcdatamodel */,
			);
			currentVersion = EC65B0BA26C1251C00E35687 /* PracticeCollectionView.xcdatamodel */;
			path = PracticeCollectionView.xcdatamodeld;
			sourceTree = "<group>";
			versionGroupType = wrapper.xcdatamodel;
		};
/* End XCVersionGroup section */
	};
	rootObject = EC65B0A526C1251C00E35687 /* Project object */;
}
